{
  "requires": true,
  "lockfileVersion": 1,
  "dependencies": {
    "@microsoft/teams-js": {
      "version": "1.4.1",
      "resolved": "https://registry.npmjs.org/@microsoft/teams-js/-/teams-js-1.4.1.tgz",
      "integrity": "sha512-0BuWgUrZvZ0X98roHTWQVtnjlw22DWJBFW7LCqKS7Q/0Zu19GAWNL/mJoVJRRujVHUbEW+QU0qwJK6KqitUcsw=="
    }
  }
}
